dependencies:
  chmorgan/esp-audio-player:
    component_hash: c8ac1998e9af863bc41b57e592f88d1a5791a0f891485122336ddabbf7a65033
    dependencies:
    - name: chmorgan/esp-libhelix-mp3
      registry_url: https://components.espressif.com
      require: private
      version: '>=1.0.0,<2.0.0'
    - name: idf
      require: private
      version: '>=5.0'
    source:
      registry_url: https://components.espressif.com/
      type: service
    version: 1.0.7
  chmorgan/esp-file-iterator:
    component_hash: 327091394b9ef5c2cd395a960ab70ae64479e0a8831cbd9925e38895fad93719
    dependencies:
    - name: idf
      require: private
      version: '>=4.1.0'
    source:
      registry_url: https://components.espressif.com/
      type: service
    version: 1.0.0
  chmorgan/esp-libhelix-mp3:
    component_hash: cbb76089dc2c5749f7b470e2e70aedc44c9da519e04eb9a67d4c7ec275229e53
    dependencies:
    - name: idf
      require: private
      version: '>=4.1.0'
    source:
      registry_url: https://components.espressif.com
      type: service
    version: 1.0.3
  esp_lcd_touch:
    dependencies:
    - name: idf
      version: '>=4.4.2'
    source:
      path: E:\workspace\esp32_proj\M5Tab5-UserDemo\platforms\tab5\components\lcd_touch\esp_lcd_touch
      type: local
    version: 1.2.1
  espressif/cmake_utilities:
    component_hash: 351350613ceafba240b761b4ea991e0f231ac7a9f59a9ee901f751bddc0bb18f
    dependencies:
    - name: idf
      require: private
      version: '>=4.1'
    source:
      registry_url: https://components.espressif.com
      type: service
    version: 0.5.3
  espressif/eppp_link:
    component_hash: 9472e6825f4bb71eca2b39cf1bc92659c1ac60bfd7416560ad033a7dd8641b17
    dependencies:
    - name: espressif/esp_serial_slave_link
      registry_url: https://components.espressif.com
      require: private
      version: ^1.1.0
    - name: idf
      require: private
      version: '>=5.2'
    source:
      registry_url: https://components.espressif.com
      type: service
    version: 1.1.4
  espressif/esp-dsp:
    component_hash: 42dce32d46ac93dc11f60d368e29a830e9661c7345d794b8a45c343479cae636
    dependencies:
    - name: idf
      require: private
      version: '>=4.2'
    source:
      registry_url: https://components.espressif.com/
      type: service
    version: 1.7.0
  espressif/esp_cam_sensor:
    component_hash: db5b1c725799dced61e7b100dc027e1e59558c9973d7e1ed8ce42a5ec89da31c
    dependencies:
    - name: espressif/cmake_utilities
      registry_url: https://components.espressif.com
      require: private
      version: 0.*
    - name: espressif/esp_sccb_intf
      registry_url: https://components.espressif.com
      require: private
      version: '>=0.0.5'
    - name: idf
      require: private
      version: '>=5.3'
    source:
      registry_url: https://components.espressif.com
      type: service
    targets:
    - esp32p4
    - esp32s3
    - esp32c3
    - esp32c5
    - esp32c6
    - esp32c61
    version: 1.7.0
  espressif/esp_codec_dev:
    component_hash: 0d9e9bc288156eb55f79338d312e1ebf8c9dfbd5e7d13ef0f20ccb031b4e15cf
    dependencies:
    - name: idf
      require: private
      version: '>=4.0'
    source:
      registry_url: https://components.espressif.com/
      type: service
    version: 1.5.4
  espressif/esp_h264:
    component_hash: fa5daaebc8a304f0b79bc57e51aab43e0a03eabc2ba3865bff4063c56b5d4564
    dependencies:
    - name: idf
      require: private
      version: '>=4.4'
    source:
      registry_url: https://components.espressif.com
      type: service
    version: 1.0.4
  espressif/esp_hosted:
    component_hash: ef6bc803451fab3c3f9a679bbc1c48fba0ceeeabc5af4178dd7d2300fafa423e
    dependencies:
    - name: idf
      require: private
      version: '>=5.3'
    source:
      registry_url: https://components.espressif.com/
      type: service
    version: 1.4.0
  espressif/esp_ipa:
    component_hash: 31003e536f0d26158e10d7fcf2448b6377ce1148518287d0f34ed3b6c942c6d8
    dependencies:
    - name: espressif/cmake_utilities
      registry_url: https://components.espressif.com
      require: private
      version: 0.*
    - name: idf
      require: private
      version: '>=5.4'
    source:
      registry_url: https://components.espressif.com
      type: service
    targets:
    - esp32p4
    version: 1.3.1
  espressif/esp_lcd_touch_st7123:
    dependencies:
    - name: espressif/cmake_utilities
      version: 0.*
    - name: esp_lcd_touch
      override_path: ../esp_lcd_touch
      public: true
      version: ^1
    - name: idf
      version: '>=4.4.2'
    source:
      path: E:\workspace\esp32_proj\M5Tab5-UserDemo\platforms\tab5\components\lcd_touch\esp_lcd_touch_st7123
      type: local
    version: 1.0.1
  espressif/esp_lvgl_port:
    component_hash: b6360960f47b6776462e7092861b3ea66477ffb762a01baa0aecbb3d74cd50f4
    dependencies:
    - name: idf
      require: private
      version: '>=5.1'
    - name: lvgl/lvgl
      registry_url: https://components.espressif.com
      require: public
      version: '>=8,<10'
    source:
      registry_url: https://components.espressif.com/
      type: service
    version: 2.7.2
  espressif/esp_sccb_intf:
    component_hash: c071b189e49f40940722aea01a5489f873385cc39cd5b14012341135b85d1a9d
    dependencies:
    - name: idf
      require: private
      version: '>=5.3'
    source:
      registry_url: https://components.espressif.com
      type: service
    version: 0.0.8
  espressif/esp_serial_slave_link:
    component_hash: ac1776806de0a6e371c84e87898bb983e19ce62aa7f1e2e5c4a3b0234a575d2c
    dependencies:
    - name: idf
      require: private
      version: '>=5.0'
    source:
      registry_url: https://components.espressif.com
      type: service
    version: 1.1.2
  espressif/esp_video:
    component_hash: 2239aed49fa4eb1efdf3b0c2b95b05c03fc8b363c101bc2cd70f5e3bcd3c7cc4
    dependencies:
    - name: espressif/cmake_utilities
      registry_url: https://components.espressif.com
      require: private
      version: 0.*
    - name: espressif/esp_cam_sensor
      registry_url: https://components.espressif.com
      require: private
      version: 1.7.*
    - name: espressif/esp_h264
      registry_url: https://components.espressif.com
      require: private
      rules:
      - if: target in [esp32p4]
      version: 1.0.4
    - name: espressif/esp_ipa
      registry_url: https://components.espressif.com
      require: private
      rules:
      - if: target in [esp32p4]
      version: 1.3.*
    - name: idf
      require: private
      version: '>=5.4'
    - name: espressif/usb_host_uvc
      registry_url: https://components.espressif.com
      require: private
      rules:
      - if: target in [esp32p4, esp32s3]
      version: 2.4.*
    source:
      registry_url: https://components.espressif.com/
      type: service
    targets:
    - esp32p4
    - esp32s3
    - esp32c3
    - esp32c5
    - esp32c6
    - esp32c61
    version: 1.4.1
  espressif/esp_wifi_remote:
    component_hash: f772731a8cc7361a3eb416eac94ac46cf85369cb996c5a5fc9245a07f241fee2
    dependencies:
    - name: espressif/eppp_link
      registry_url: https://components.espressif.com
      require: private
      version: '>=0.1'
    - name: espressif/esp_hosted
      registry_url: https://components.espressif.com
      require: private
      rules:
      - if: target in [esp32h2, esp32p4]
      version: '>=0.0.6'
    - name: idf
      require: private
      version: '>=5.3'
    source:
      registry_url: https://components.espressif.com/
      type: service
    version: 0.8.5
  espressif/usb_host_hid:
    component_hash: 99d9ec2c6799ec4c8b366af5271b6e50700f6de3f5258e157de2b6799639cf66
    dependencies:
    - name: idf
      require: private
      version: '>=5.0'
    - name: espressif/usb
      registry_url: https://components.espressif.com
      require: public
      rules:
      - if: idf_version >=6.0
      - if: target not in ["linux"]
      version: ^1.0.0
    source:
      registry_url: https://components.espressif.com/
      type: service
    targets:
    - esp32s2
    - esp32s3
    - esp32p4
    - esp32h4
    - linux
    version: 1.1.0
  espressif/usb_host_uvc:
    component_hash: 197eae0d1dd5ddec773704653e0ff70e81126b8ccdb62e034ed239f755adb48c
    dependencies:
    - name: idf
      require: private
      version: '>=5.0'
    - name: espressif/usb
      registry_url: https://components.espressif.com
      require: public
      rules:
      - if: idf_version >=6.0
      - if: target not in ["linux"]
      version: ^1.0.0
    source:
      registry_url: https://components.espressif.com
      type: service
    targets:
    - esp32s2
    - esp32s3
    - esp32p4
    - esp32h4
    - linux
    version: 2.4.1
  idf:
    source:
      type: idf
    version: 5.5.1
  lvgl/lvgl:
    dependencies: []
    source:
      path: E:\workspace\esp32_proj\M5Tab5-UserDemo\dependencies\lvgl
      type: local
    version: '*'
  m5stack_tab5:
    dependencies:
    - name: idf
      version: '>=5.4'
    - name: espressif/usb_host_hid
      version: ^1.0.3
    - name: espressif/esp_codec_dev
      public: true
      version: ^1.5.4
    - name: lvgl/lvgl
      version: '>=8,<10'
    - name: espressif/esp_lvgl_port
      public: true
      version: ^2.7.0
    - name: espressif/esp_lcd_touch_st7123
      override_path: ../../components/lcd_touch/esp_lcd_touch_st7123
      public: true
      version: ^1.0.0
    source:
      path: E:\workspace\esp32_proj\M5Tab5-UserDemo\platforms\tab5\bsp\m5stack_tab5
      type: local
    targets:
    - esp32p4
    version: '*'
direct_dependencies:
- chmorgan/esp-audio-player
- chmorgan/esp-file-iterator
- espressif/esp-dsp
- espressif/esp_hosted
- espressif/esp_video
- espressif/esp_wifi_remote
- idf
- lvgl/lvgl
- m5stack_tab5
manifest_hash: c01b25cc3a6a508652cf9b189bfc287fef58baaee98c68e4eb7ed11d853c650e
target: esp32p4
version: 2.0.0
